PODS:
  - dashx_flutter (0.0.1):
    - Flutter
  - Flutter (1.0.0)

DEPENDENCIES:
  - dashx_flutter (from `.symlinks/plugins/dashx_flutter/ios`)
  - Flutter (from `Flutter`)

EXTERNAL SOURCES:
  dashx_flutter:
    :path: ".symlinks/plugins/dashx_flutter/ios"
  Flutter:
    :path: Flutter

SPEC CHECKSUMS:
  dashx_flutter: 9aee82235f800be3f65fd9bf51d541ff243be4c1
  Flutter: 50d75fe2f02b26cc09d224853bb45737f8b3214a

PODFILE CHECKSUM: aafe91acc616949ddb318b77800a7f51bffa2a4c

COCOAPODS: 1.11.2
